
Microsoft Visual Studio Solution File, Format Version 12.00
# Visual Studio Version 17
VisualStudioVersion = 17.5.33627.172
MinimumVisualStudioVersion = 10.0.40219.1
Project("{9A19103F-16F7-4668-BE54-9A1E7A4F7556}") = "TestWebApi_v1", "TestWebApi_v1\TestWebApi_v1.csproj", "{C1FF1E2B-48BC-4B07-9A23-A7A905BDE325}"
EndProject
Global
	GlobalSection(SolutionConfigurationPlatforms) = preSolution
		Debug|Any CPU = Debug|Any CPU
		Release|Any CPU = Release|Any CPU
	EndGlobalSection
	GlobalSection(ProjectConfigurationPlatforms) = postSolution
		{C1FF1E2B-48BC-4B07-9A23-A7A905BDE325}.Debug|Any CPU.ActiveCfg = Debug|Any CPU
		{C1FF1E2B-48BC-4B07-9A23-A7A905BDE325}.Debug|Any CPU.Build.0 = Debug|Any CPU
		{C1FF1E2B-48BC-4B07-9A23-A7A905BDE325}.Release|Any CPU.ActiveCfg = Release|Any CPU
		{C1FF1E2B-48BC-4B07-9A23-A7A905BDE325}.Release|Any CPU.Build.0 = Release|Any CPU
	EndGlobalSection
	GlobalSection(SolutionProperties) = preSolution
		HideSolutionNode = FALSE
	EndGlobalSection
	GlobalSection(ExtensibilityGlobals) = postSolution
		SolutionGuid = {09A83CDA-B9D8-45D6-8329-1967710821B4}
	EndGlobalSection
EndGlobal
